// !$*UTF8*$!
{
	archiveVersion = 1;
	classes = {
	};
	objectVersion = 50;
	objects = {

/* Begin PBXBuildFile section */
		36875851E9DB53AFE9002B58 /* Pods_popmovies.framework in Frameworks */ = {isa = PBXBuildFile; fileRef = DBEE69AB622BE17688070CB2 /* Pods_popmovies.framework */; };
		4E1A93D6BEEF261239ECB6BC /* Pods_popmoviesTests.framework in Frameworks */ = {isa = PBXBuildFile; fileRef = 2A5D0AAE09D2ACB7815B87C1 /* Pods_popmoviesTests.framework */; };
		9E8E4B01C1656C380EAE1867 /* Pods_popmoviesUITests.framework in Frameworks */ = {isa = PBXBuildFile; fileRef = 480AEAD8487605BDBEC2F646 /* Pods_popmoviesUITests.framework */; };
		A21693A62263D580009988F1 /* Constants.swift in Sources */ = {isa = PBXBuildFile; fileRef = A21693A52263D580009988F1 /* Constants.swift */; };
		A21693A82263D658009988F1 /* BaseModel.swift in Sources */ = {isa = PBXBuildFile; fileRef = A21693A72263D658009988F1 /* BaseModel.swift */; };
		A21693AA2263D700009988F1 /* MovieService.swift in Sources */ = {isa = PBXBuildFile; fileRef = A21693A92263D700009988F1 /* MovieService.swift */; };
		A21693AD2263D8A7009988F1 /* Movie.swift in Sources */ = {isa = PBXBuildFile; fileRef = A21693AC2263D8A7009988F1 /* Movie.swift */; };
		A21693BB2263E185009988F1 /* BaseService.swift in Sources */ = {isa = PBXBuildFile; fileRef = A21693BA2263E185009988F1 /* BaseService.swift */; };
		A21693BE2263E4B3009988F1 /* ObservableType.swift in Sources */ = {isa = PBXBuildFile; fileRef = A21693BD2263E4B3009988F1 /* ObservableType.swift */; };
		A21693C02263E546009988F1 /* Results.swift in Sources */ = {isa = PBXBuildFile; fileRef = A21693BF2263E546009988F1 /* Results.swift */; };
		A21693C32263E76A009988F1 /* Dictionary.swift in Sources */ = {isa = PBXBuildFile; fileRef = A21693C22263E76A009988F1 /* Dictionary.swift */; };
		A21693C62263EDC8009988F1 /* HomeInteractor.swift in Sources */ = {isa = PBXBuildFile; fileRef = A21693C52263EDC8009988F1 /* HomeInteractor.swift */; };
		A216945D2263EFDE009988F1 /* Genre.swift in Sources */ = {isa = PBXBuildFile; fileRef = A21694592263EFDE009988F1 /* Genre.swift */; };
		A216945E2263EFDE009988F1 /* ProductionCountry.swift in Sources */ = {isa = PBXBuildFile; fileRef = A216945A2263EFDE009988F1 /* ProductionCountry.swift */; };
		A216945F2263EFDE009988F1 /* ProductionCompany.swift in Sources */ = {isa = PBXBuildFile; fileRef = A216945B2263EFDE009988F1 /* ProductionCompany.swift */; };
		A21694602263EFDE009988F1 /* SpokenLanguage.swift in Sources */ = {isa = PBXBuildFile; fileRef = A216945C2263EFDE009988F1 /* SpokenLanguage.swift */; };
		A21694762266556E009988F1 /* MovieCell.swift in Sources */ = {isa = PBXBuildFile; fileRef = A21694752266556E009988F1 /* MovieCell.swift */; };
		A216947822665974009988F1 /* UIImageView.swift in Sources */ = {isa = PBXBuildFile; fileRef = A216947722665974009988F1 /* UIImageView.swift */; };
		A216947A22666EF2009988F1 /* FeatureMoviesCell.swift in Sources */ = {isa = PBXBuildFile; fileRef = A216947922666EF2009988F1 /* FeatureMoviesCell.swift */; };
		A22A91DA2267CBC600F74BD5 /* WeekMoviesCell.swift in Sources */ = {isa = PBXBuildFile; fileRef = A22A91D92267CBC600F74BD5 /* WeekMoviesCell.swift */; };
		A22A91DC2268DE7D00F74BD5 /* Movie.storyboard in Resources */ = {isa = PBXBuildFile; fileRef = A22A91DB2268DE7D00F74BD5 /* Movie.storyboard */; };
		A22A91DE2268DF4000F74BD5 /* MovieDetailsController.swift in Sources */ = {isa = PBXBuildFile; fileRef = A22A91DD2268DF4000F74BD5 /* MovieDetailsController.swift */; };
		A22A91E12268E1B900F74BD5 /* MovieListCallback.swift in Sources */ = {isa = PBXBuildFile; fileRef = A22A91E02268E1B900F74BD5 /* MovieListCallback.swift */; };
		A22A91E32268F51E00F74BD5 /* MovieDetailsContract.swift in Sources */ = {isa = PBXBuildFile; fileRef = A22A91E22268F51E00F74BD5 /* MovieDetailsContract.swift */; };
		A22A91E52268F9CD00F74BD5 /* MovieDetailsPresenter.swift in Sources */ = {isa = PBXBuildFile; fileRef = A22A91E42268F9CD00F74BD5 /* MovieDetailsPresenter.swift */; };
		A22A91E72268FAB300F74BD5 /* MovieDetailsInteractor.swift in Sources */ = {isa = PBXBuildFile; fileRef = A22A91E62268FAB300F74BD5 /* MovieDetailsInteractor.swift */; };
		A22A91EB2269108700F74BD5 /* EnumTransformStringCaseInsensitive.swift in Sources */ = {isa = PBXBuildFile; fileRef = A22A91EA2269108700F74BD5 /* EnumTransformStringCaseInsensitive.swift */; };
		A22A91ED2269122A00F74BD5 /* AlternativeTitle.swift in Sources */ = {isa = PBXBuildFile; fileRef = A22A91EC2269122A00F74BD5 /* AlternativeTitle.swift */; };
		A22A91EF2269127300F74BD5 /* Title.swift in Sources */ = {isa = PBXBuildFile; fileRef = A22A91EE2269127300F74BD5 /* Title.swift */; };
		A22A91F12269198A00F74BD5 /* MediaCreditList.swift in Sources */ = {isa = PBXBuildFile; fileRef = A22A91F02269198A00F74BD5 /* MediaCreditList.swift */; };
		A22A91F422691A1500F74BD5 /* CreditCast.swift in Sources */ = {isa = PBXBuildFile; fileRef = A22A91F322691A1500F74BD5 /* CreditCast.swift */; };
		A22A91F622691A7700F74BD5 /* CreditCrew.swift in Sources */ = {isa = PBXBuildFile; fileRef = A22A91F522691A7700F74BD5 /* CreditCrew.swift */; };
		A22A91F922691BF000F74BD5 /* Image.swift in Sources */ = {isa = PBXBuildFile; fileRef = A22A91F822691BF000F74BD5 /* Image.swift */; };
		A22A91FB22691C7B00F74BD5 /* Keyword.swift in Sources */ = {isa = PBXBuildFile; fileRef = A22A91FA22691C7B00F74BD5 /* Keyword.swift */; };
		A22A91FE22691DC100F74BD5 /* Release.swift in Sources */ = {isa = PBXBuildFile; fileRef = A22A91FD22691DC100F74BD5 /* Release.swift */; };
		A22A920022691E0000F74BD5 /* ReleaseCountry.swift in Sources */ = {isa = PBXBuildFile; fileRef = A22A91FF22691E0000F74BD5 /* ReleaseCountry.swift */; };
		A22A920222691EB500F74BD5 /* Video.swift in Sources */ = {isa = PBXBuildFile; fileRef = A22A920122691EB500F74BD5 /* Video.swift */; };
		A22A920422691FF700F74BD5 /* Translation.swift in Sources */ = {isa = PBXBuildFile; fileRef = A22A920322691FF700F74BD5 /* Translation.swift */; };
		A22A92072269215D00F74BD5 /* TranslationData.swift in Sources */ = {isa = PBXBuildFile; fileRef = A22A92062269215D00F74BD5 /* TranslationData.swift */; };
		A22A920A226921E900F74BD5 /* Review.swift in Sources */ = {isa = PBXBuildFile; fileRef = A22A9209226921E900F74BD5 /* Review.swift */; };
		A22A920C2269223100F74BD5 /* ReviewPerson.swift in Sources */ = {isa = PBXBuildFile; fileRef = A22A920B2269223100F74BD5 /* ReviewPerson.swift */; };
		A22A922D226A224800F74BD5 /* OpenSans-Italic.ttf in Resources */ = {isa = PBXBuildFile; fileRef = A22A9229226A224800F74BD5 /* OpenSans-Italic.ttf */; };
		A22A922E226A224800F74BD5 /* OpenSans-Bold.ttf in Resources */ = {isa = PBXBuildFile; fileRef = A22A922A226A224800F74BD5 /* OpenSans-Bold.ttf */; };
		A22A922F226A224800F74BD5 /* OpenSans-Regular.ttf in Resources */ = {isa = PBXBuildFile; fileRef = A22A922B226A224800F74BD5 /* OpenSans-Regular.ttf */; };
		A22A9230226A224800F74BD5 /* OpenSans-Light.ttf in Resources */ = {isa = PBXBuildFile; fileRef = A22A922C226A224800F74BD5 /* OpenSans-Light.ttf */; };
		A22A9235226A225F00F74BD5 /* Oswald-Bold.ttf in Resources */ = {isa = PBXBuildFile; fileRef = A22A9232226A225F00F74BD5 /* Oswald-Bold.ttf */; };
		A22A9236226A225F00F74BD5 /* Oswald-Regular.ttf in Resources */ = {isa = PBXBuildFile; fileRef = A22A9233226A225F00F74BD5 /* Oswald-Regular.ttf */; };
		A22A9237226A225F00F74BD5 /* Oswald-Light.ttf in Resources */ = {isa = PBXBuildFile; fileRef = A22A9234226A225F00F74BD5 /* Oswald-Light.ttf */; };
		A22A923E226A227A00F74BD5 /* Roboto-Regular.ttf in Resources */ = {isa = PBXBuildFile; fileRef = A22A9239226A227900F74BD5 /* Roboto-Regular.ttf */; };
		A22A923F226A227A00F74BD5 /* Roboto-Light.ttf in Resources */ = {isa = PBXBuildFile; fileRef = A22A923A226A227900F74BD5 /* Roboto-Light.ttf */; };
		A22A9240226A227A00F74BD5 /* Roboto-Thin.ttf in Resources */ = {isa = PBXBuildFile; fileRef = A22A923B226A227900F74BD5 /* Roboto-Thin.ttf */; };
		A22A9241226A227A00F74BD5 /* Roboto-Italic.ttf in Resources */ = {isa = PBXBuildFile; fileRef = A22A923C226A227900F74BD5 /* Roboto-Italic.ttf */; };
		A22A9242226A227A00F74BD5 /* Roboto-Bold.ttf in Resources */ = {isa = PBXBuildFile; fileRef = A22A923D226A227A00F74BD5 /* Roboto-Bold.ttf */; };
		A22A9245226A791100F74BD5 /* MovieDetailsHeaderCell.swift in Sources */ = {isa = PBXBuildFile; fileRef = A22A9244226A791100F74BD5 /* MovieDetailsHeaderCell.swift */; };
		A22A9247226AA1F100F74BD5 /* Date.swift in Sources */ = {isa = PBXBuildFile; fileRef = A22A9246226AA1F100F74BD5 /* Date.swift */; };
		A22A9251226AC32B00F74BD5 /* UIGradientImageView.swift in Sources */ = {isa = PBXBuildFile; fileRef = A22A9250226AC32B00F74BD5 /* UIGradientImageView.swift */; };
		A22A9253226ACC7F00F74BD5 /* SimpleItem.swift in Sources */ = {isa = PBXBuildFile; fileRef = A22A9252226ACC7F00F74BD5 /* SimpleItem.swift */; };
		A22A9255226AD83500F74BD5 /* UILabelView.swift in Sources */ = {isa = PBXBuildFile; fileRef = A22A9254226AD83500F74BD5 /* UILabelView.swift */; };
		A27F1D80225E923F00B15976 /* AppDelegate.swift in Sources */ = {isa = PBXBuildFile; fileRef = A27F1D7F225E923F00B15976 /* AppDelegate.swift */; };
		A27F1D82225E923F00B15976 /* ViewController.swift in Sources */ = {isa = PBXBuildFile; fileRef = A27F1D81225E923F00B15976 /* ViewController.swift */; };
		A27F1D85225E923F00B15976 /* Main.storyboard in Resources */ = {isa = PBXBuildFile; fileRef = A27F1D83225E923F00B15976 /* Main.storyboard */; };
		A27F1D87225E924100B15976 /* Assets.xcassets in Resources */ = {isa = PBXBuildFile; fileRef = A27F1D86225E924100B15976 /* Assets.xcassets */; };
		A27F1D8A225E924100B15976 /* LaunchScreen.storyboard in Resources */ = {isa = PBXBuildFile; fileRef = A27F1D88225E924100B15976 /* LaunchScreen.storyboard */; };
		A27F1D95225E924100B15976 /* popmoviesTests.swift in Sources */ = {isa = PBXBuildFile; fileRef = A27F1D94225E924100B15976 /* popmoviesTests.swift */; };
		A27F1DA0225E924100B15976 /* popmoviesUITests.swift in Sources */ = {isa = PBXBuildFile; fileRef = A27F1D9F225E924100B15976 /* popmoviesUITests.swift */; };
		A27F1DB1225EA8F100B15976 /* HomeController.swift in Sources */ = {isa = PBXBuildFile; fileRef = A27F1DB0225EA8F100B15976 /* HomeController.swift */; };
		A27F1DB3225EA90400B15976 /* ProfileController.swift in Sources */ = {isa = PBXBuildFile; fileRef = A27F1DB2225EA90400B15976 /* ProfileController.swift */; };
		A27F4F7E225FC23800B15976 /* HomePresenter.swift in Sources */ = {isa = PBXBuildFile; fileRef = A27F4F7D225FC23800B15976 /* HomePresenter.swift */; };
		A27F4F81225FC41800B15976 /* HomeContract.swift in Sources */ = {isa = PBXBuildFile; fileRef = A27F4F80225FC41800B15976 /* HomeContract.swift */; };
		A27F4F83225FC4AF00B15976 /* BaseContract.swift in Sources */ = {isa = PBXBuildFile; fileRef = A27F4F82225FC4AF00B15976 /* BaseContract.swift */; };
		A27F4F85225FC6A700B15976 /* BasePresenter.swift in Sources */ = {isa = PBXBuildFile; fileRef = A27F4F84225FC6A700B15976 /* BasePresenter.swift */; };
		A2D6AF97226B821E004254D4 /* SimpleItemCell.swift in Sources */ = {isa = PBXBuildFile; fileRef = A2D6AF95226B821E004254D4 /* SimpleItemCell.swift */; };
		A2FE0221226BAD7B00BCB8AC /* MovieDetailsMiddleCell.swift in Sources */ = {isa = PBXBuildFile; fileRef = A2FE0220226BAD7B00BCB8AC /* MovieDetailsMiddleCell.swift */; };
		A2FE0225226BCBE200BCB8AC /* PersonCell.swift in Sources */ = {isa = PBXBuildFile; fileRef = A2FE0224226BCBE200BCB8AC /* PersonCell.swift */; };
		A2FE0227226BCF6000BCB8AC /* PersonItem.swift in Sources */ = {isa = PBXBuildFile; fileRef = A2FE0226226BCF6000BCB8AC /* PersonItem.swift */; };
		A2FE0229226D030F00BCB8AC /* MovieDetailsFooterCell.swift in Sources */ = {isa = PBXBuildFile; fileRef = A2FE0228226D030F00BCB8AC /* MovieDetailsFooterCell.swift */; };
		A2FE022B226D076500BCB8AC /* MovieDetailsMidiaCell.swift in Sources */ = {isa = PBXBuildFile; fileRef = A2FE022A226D076500BCB8AC /* MovieDetailsMidiaCell.swift */; };
		A2FE0232226D1AA400BCB8AC /* MovieOMDB.swift in Sources */ = {isa = PBXBuildFile; fileRef = A2FE0231226D1AA400BCB8AC /* MovieOMDB.swift */; };
		A2FE0234226D1ADA00BCB8AC /* Rating.swift in Sources */ = {isa = PBXBuildFile; fileRef = A2FE0233226D1ADA00BCB8AC /* Rating.swift */; };
		A2FE0236226D5D0100BCB8AC /* VideoCell.swift in Sources */ = {isa = PBXBuildFile; fileRef = A2FE0235226D5D0100BCB8AC /* VideoCell.swift */; };
		A2FE0238226D5D2A00BCB8AC /* WallpaperCell.swift in Sources */ = {isa = PBXBuildFile; fileRef = A2FE0237226D5D2A00BCB8AC /* WallpaperCell.swift */; };
		A2FE023B226E2DDA00BCB8AC /* ImageUtils.swift in Sources */ = {isa = PBXBuildFile; fileRef = A2FE023A226E2DDA00BCB8AC /* ImageUtils.swift */; };
		A2FE023D226E369F00BCB8AC /* MovieCell.xib in Resources */ = {isa = PBXBuildFile; fileRef = A2FE023C226E369F00BCB8AC /* MovieCell.xib */; };
		A2FE0245226E3CF600BCB8AC /* MovieFeaturedCell.xib in Resources */ = {isa = PBXBuildFile; fileRef = A2FE0244226E3CF600BCB8AC /* MovieFeaturedCell.xib */; };
/* End PBXBuildFile section */

/* Begin PBXContainerItemProxy section */
		A27F1D91225E924100B15976 /* PBXContainerItemProxy */ = {
			isa = PBXContainerItemProxy;
			containerPortal = A27F1D74225E923F00B15976 /* Project object */;
			proxyType = 1;
			remoteGlobalIDString = A27F1D7B225E923F00B15976;
			remoteInfo = popmovies;
		};
		A27F1D9C225E924100B15976 /* PBXContainerItemProxy */ = {
			isa = PBXContainerItemProxy;
			containerPortal = A27F1D74225E923F00B15976 /* Project object */;
			proxyType = 1;
			remoteGlobalIDString = A27F1D7B225E923F00B15976;
			remoteInfo = popmovies;
		};
/* End PBXContainerItemProxy section */

/* Begin PBXFileReference section */
		28DDACC5D7906EF1CFB0D3EB /* Pods-popmovies.debug.xcconfig */ = {isa = PBXFileReference; includeInIndex = 1; lastKnownFileType = text.xcconfig; name = "Pods-popmovies.debug.xcconfig"; path = "Pods/Target Support Files/Pods-popmovies/Pods-popmovies.debug.xcconfig"; sourceTree = "<group>"; };
		2A5D0AAE09D2ACB7815B87C1 /* Pods_popmoviesTests.framework */ = {isa = PBXFileReference; explicitFileType = wrapper.framework; includeInIndex = 0; path = Pods_popmoviesTests.framework; sourceTree = BUILT_PRODUCTS_DIR; };
		480AEAD8487605BDBEC2F646 /* Pods_popmoviesUITests.framework */ = {isa = PBXFileReference; explicitFileType = wrapper.framework; includeInIndex = 0; path = Pods_popmoviesUITests.framework; sourceTree = BUILT_PRODUCTS_DIR; };
		5AF9BD86AB74E95F24DC379A /* Pods-popmovies.release.xcconfig */ = {isa = PBXFileReference; includeInIndex = 1; lastKnownFileType = text.xcconfig; name = "Pods-popmovies.release.xcconfig"; path = "Pods/Target Support Files/Pods-popmovies/Pods-popmovies.release.xcconfig"; sourceTree = "<group>"; };
		5EB72ED481AC23B1A6D5B59F /* Pods-popmoviesTests.debug.xcconfig */ = {isa = PBXFileReference; includeInIndex = 1; lastKnownFileType = text.xcconfig; name = "Pods-popmoviesTests.debug.xcconfig"; path = "Pods/Target Support Files/Pods-popmoviesTests/Pods-popmoviesTests.debug.xcconfig"; sourceTree = "<group>"; };
		A21693A52263D580009988F1 /* Constants.swift */ = {isa = PBXFileReference; lastKnownFileType = sourcecode.swift; path = Constants.swift; sourceTree = "<group>"; };
		A21693A72263D658009988F1 /* BaseModel.swift */ = {isa = PBXFileReference; lastKnownFileType = sourcecode.swift; path = BaseModel.swift; sourceTree = "<group>"; };
		A21693A92263D700009988F1 /* MovieService.swift */ = {isa = PBXFileReference; lastKnownFileType = sourcecode.swift; path = MovieService.swift; sourceTree = "<group>"; };
		A21693AC2263D8A7009988F1 /* Movie.swift */ = {isa = PBXFileReference; lastKnownFileType = sourcecode.swift; path = Movie.swift; sourceTree = "<group>"; };
		A21693BA2263E185009988F1 /* BaseService.swift */ = {isa = PBXFileReference; lastKnownFileType = sourcecode.swift; path = BaseService.swift; sourceTree = "<group>"; };
		A21693BD2263E4B3009988F1 /* ObservableType.swift */ = {isa = PBXFileReference; lastKnownFileType = sourcecode.swift; path = ObservableType.swift; sourceTree = "<group>"; };
		A21693BF2263E546009988F1 /* Results.swift */ = {isa = PBXFileReference; lastKnownFileType = sourcecode.swift; path = Results.swift; sourceTree = "<group>"; };
		A21693C22263E76A009988F1 /* Dictionary.swift */ = {isa = PBXFileReference; lastKnownFileType = sourcecode.swift; path = Dictionary.swift; sourceTree = "<group>"; };
		A21693C52263EDC8009988F1 /* HomeInteractor.swift */ = {isa = PBXFileReference; lastKnownFileType = sourcecode.swift; path = HomeInteractor.swift; sourceTree = "<group>"; };
		A21694592263EFDE009988F1 /* Genre.swift */ = {isa = PBXFileReference; fileEncoding = 4; lastKnownFileType = sourcecode.swift; path = Genre.swift; sourceTree = "<group>"; };
		A216945A2263EFDE009988F1 /* ProductionCountry.swift */ = {isa = PBXFileReference; fileEncoding = 4; lastKnownFileType = sourcecode.swift; path = ProductionCountry.swift; sourceTree = "<group>"; };
		A216945B2263EFDE009988F1 /* ProductionCompany.swift */ = {isa = PBXFileReference; fileEncoding = 4; lastKnownFileType = sourcecode.swift; path = ProductionCompany.swift; sourceTree = "<group>"; };
		A216945C2263EFDE009988F1 /* SpokenLanguage.swift */ = {isa = PBXFileReference; fileEncoding = 4; lastKnownFileType = sourcecode.swift; path = SpokenLanguage.swift; sourceTree = "<group>"; };
		A21694752266556E009988F1 /* MovieCell.swift */ = {isa = PBXFileReference; lastKnownFileType = sourcecode.swift; path = MovieCell.swift; sourceTree = "<group>"; };
		A216947722665974009988F1 /* UIImageView.swift */ = {isa = PBXFileReference; lastKnownFileType = sourcecode.swift; path = UIImageView.swift; sourceTree = "<group>"; };
		A216947922666EF2009988F1 /* FeatureMoviesCell.swift */ = {isa = PBXFileReference; lastKnownFileType = sourcecode.swift; path = FeatureMoviesCell.swift; sourceTree = "<group>"; };
		A22A91D92267CBC600F74BD5 /* WeekMoviesCell.swift */ = {isa = PBXFileReference; lastKnownFileType = sourcecode.swift; path = WeekMoviesCell.swift; sourceTree = "<group>"; };
		A22A91DB2268DE7D00F74BD5 /* Movie.storyboard */ = {isa = PBXFileReference; lastKnownFileType = file.storyboard; path = Movie.storyboard; sourceTree = "<group>"; };
		A22A91DD2268DF4000F74BD5 /* MovieDetailsController.swift */ = {isa = PBXFileReference; lastKnownFileType = sourcecode.swift; path = MovieDetailsController.swift; sourceTree = "<group>"; };
		A22A91E02268E1B900F74BD5 /* MovieListCallback.swift */ = {isa = PBXFileReference; lastKnownFileType = sourcecode.swift; path = MovieListCallback.swift; sourceTree = "<group>"; };
		A22A91E22268F51E00F74BD5 /* MovieDetailsContract.swift */ = {isa = PBXFileReference; lastKnownFileType = sourcecode.swift; path = MovieDetailsContract.swift; sourceTree = "<group>"; };
		A22A91E42268F9CD00F74BD5 /* MovieDetailsPresenter.swift */ = {isa = PBXFileReference; lastKnownFileType = sourcecode.swift; path = MovieDetailsPresenter.swift; sourceTree = "<group>"; };
		A22A91E62268FAB300F74BD5 /* MovieDetailsInteractor.swift */ = {isa = PBXFileReference; lastKnownFileType = sourcecode.swift; path = MovieDetailsInteractor.swift; sourceTree = "<group>"; };
		A22A91EA2269108700F74BD5 /* EnumTransformStringCaseInsensitive.swift */ = {isa = PBXFileReference; lastKnownFileType = sourcecode.swift; path = EnumTransformStringCaseInsensitive.swift; sourceTree = "<group>"; };
		A22A91EC2269122A00F74BD5 /* AlternativeTitle.swift */ = {isa = PBXFileReference; lastKnownFileType = sourcecode.swift; path = AlternativeTitle.swift; sourceTree = "<group>"; };
		A22A91EE2269127300F74BD5 /* Title.swift */ = {isa = PBXFileReference; lastKnownFileType = sourcecode.swift; path = Title.swift; sourceTree = "<group>"; };
		A22A91F02269198A00F74BD5 /* MediaCreditList.swift */ = {isa = PBXFileReference; lastKnownFileType = sourcecode.swift; path = MediaCreditList.swift; sourceTree = "<group>"; };
		A22A91F322691A1500F74BD5 /* CreditCast.swift */ = {isa = PBXFileReference; lastKnownFileType = sourcecode.swift; path = CreditCast.swift; sourceTree = "<group>"; };
		A22A91F522691A7700F74BD5 /* CreditCrew.swift */ = {isa = PBXFileReference; lastKnownFileType = sourcecode.swift; path = CreditCrew.swift; sourceTree = "<group>"; };
		A22A91F822691BF000F74BD5 /* Image.swift */ = {isa = PBXFileReference; lastKnownFileType = sourcecode.swift; path = Image.swift; sourceTree = "<group>"; };
		A22A91FA22691C7B00F74BD5 /* Keyword.swift */ = {isa = PBXFileReference; lastKnownFileType = sourcecode.swift; path = Keyword.swift; sourceTree = "<group>"; };
		A22A91FD22691DC100F74BD5 /* Release.swift */ = {isa = PBXFileReference; lastKnownFileType = sourcecode.swift; path = Release.swift; sourceTree = "<group>"; };
		A22A91FF22691E0000F74BD5 /* ReleaseCountry.swift */ = {isa = PBXFileReference; lastKnownFileType = sourcecode.swift; path = ReleaseCountry.swift; sourceTree = "<group>"; };
		A22A920122691EB500F74BD5 /* Video.swift */ = {isa = PBXFileReference; lastKnownFileType = sourcecode.swift; path = Video.swift; sourceTree = "<group>"; };
		A22A920322691FF700F74BD5 /* Translation.swift */ = {isa = PBXFileReference; lastKnownFileType = sourcecode.swift; path = Translation.swift; sourceTree = "<group>"; };
		A22A92062269215D00F74BD5 /* TranslationData.swift */ = {isa = PBXFileReference; lastKnownFileType = sourcecode.swift; path = TranslationData.swift; sourceTree = "<group>"; };
		A22A9209226921E900F74BD5 /* Review.swift */ = {isa = PBXFileReference; lastKnownFileType = sourcecode.swift; path = Review.swift; sourceTree = "<group>"; };
		A22A920B2269223100F74BD5 /* ReviewPerson.swift */ = {isa = PBXFileReference; lastKnownFileType = sourcecode.swift; path = ReviewPerson.swift; sourceTree = "<group>"; };
		A22A9229226A224800F74BD5 /* OpenSans-Italic.ttf */ = {isa = PBXFileReference; lastKnownFileType = file; name = "OpenSans-Italic.ttf"; path = "popmovies/Resources/Fonts/Open_Sans/OpenSans-Italic.ttf"; sourceTree = SOURCE_ROOT; };
		A22A922A226A224800F74BD5 /* OpenSans-Bold.ttf */ = {isa = PBXFileReference; lastKnownFileType = file; name = "OpenSans-Bold.ttf"; path = "popmovies/Resources/Fonts/Open_Sans/OpenSans-Bold.ttf"; sourceTree = SOURCE_ROOT; };
		A22A922B226A224800F74BD5 /* OpenSans-Regular.ttf */ = {isa = PBXFileReference; lastKnownFileType = file; name = "OpenSans-Regular.ttf"; path = "popmovies/Resources/Fonts/Open_Sans/OpenSans-Regular.ttf"; sourceTree = SOURCE_ROOT; };
		A22A922C226A224800F74BD5 /* OpenSans-Light.ttf */ = {isa = PBXFileReference; lastKnownFileType = file; name = "OpenSans-Light.ttf"; path = "popmovies/Resources/Fonts/Open_Sans/OpenSans-Light.ttf"; sourceTree = SOURCE_ROOT; };
		A22A9232226A225F00F74BD5 /* Oswald-Bold.ttf */ = {isa = PBXFileReference; lastKnownFileType = file; name = "Oswald-Bold.ttf"; path = "popmovies/Resources/Fonts/Oswald/Oswald-Bold.ttf"; sourceTree = SOURCE_ROOT; };
		A22A9233226A225F00F74BD5 /* Oswald-Regular.ttf */ = {isa = PBXFileReference; lastKnownFileType = file; name = "Oswald-Regular.ttf"; path = "popmovies/Resources/Fonts/Oswald/Oswald-Regular.ttf"; sourceTree = SOURCE_ROOT; };
		A22A9234226A225F00F74BD5 /* Oswald-Light.ttf */ = {isa = PBXFileReference; lastKnownFileType = file; name = "Oswald-Light.ttf"; path = "popmovies/Resources/Fonts/Oswald/Oswald-Light.ttf"; sourceTree = SOURCE_ROOT; };
		A22A9239226A227900F74BD5 /* Roboto-Regular.ttf */ = {isa = PBXFileReference; lastKnownFileType = file; name = "Roboto-Regular.ttf"; path = "popmovies/Resources/Fonts/Roboto-Regular.ttf"; sourceTree = SOURCE_ROOT; };
		A22A923A226A227900F74BD5 /* Roboto-Light.ttf */ = {isa = PBXFileReference; lastKnownFileType = file; name = "Roboto-Light.ttf"; path = "popmovies/Resources/Fonts/Roboto-Light.ttf"; sourceTree = SOURCE_ROOT; };
		A22A923B226A227900F74BD5 /* Roboto-Thin.ttf */ = {isa = PBXFileReference; lastKnownFileType = file; name = "Roboto-Thin.ttf"; path = "popmovies/Resources/Fonts/Roboto-Thin.ttf"; sourceTree = SOURCE_ROOT; };
		A22A923C226A227900F74BD5 /* Roboto-Italic.ttf */ = {isa = PBXFileReference; lastKnownFileType = file; name = "Roboto-Italic.ttf"; path = "popmovies/Resources/Fonts/Roboto-Italic.ttf"; sourceTree = SOURCE_ROOT; };
		A22A923D226A227A00F74BD5 /* Roboto-Bold.ttf */ = {isa = PBXFileReference; lastKnownFileType = file; name = "Roboto-Bold.ttf"; path = "popmovies/Resources/Fonts/Roboto-Bold.ttf"; sourceTree = SOURCE_ROOT; };
		A22A9244226A791100F74BD5 /* MovieDetailsHeaderCell.swift */ = {isa = PBXFileReference; lastKnownFileType = sourcecode.swift; path = MovieDetailsHeaderCell.swift; sourceTree = "<group>"; };
		A22A9246226AA1F100F74BD5 /* Date.swift */ = {isa = PBXFileReference; lastKnownFileType = sourcecode.swift; path = Date.swift; sourceTree = "<group>"; };
		A22A9250226AC32B00F74BD5 /* UIGradientImageView.swift */ = {isa = PBXFileReference; lastKnownFileType = sourcecode.swift; path = UIGradientImageView.swift; sourceTree = "<group>"; };
		A22A9252226ACC7F00F74BD5 /* SimpleItem.swift */ = {isa = PBXFileReference; lastKnownFileType = sourcecode.swift; path = SimpleItem.swift; sourceTree = "<group>"; };
		A22A9254226AD83500F74BD5 /* UILabelView.swift */ = {isa = PBXFileReference; lastKnownFileType = sourcecode.swift; path = UILabelView.swift; sourceTree = "<group>"; };
		A27F1D7C225E923F00B15976 /* popmovies.app */ = {isa = PBXFileReference; explicitFileType = wrapper.application; includeInIndex = 0; path = popmovies.app; sourceTree = BUILT_PRODUCTS_DIR; };
		A27F1D7F225E923F00B15976 /* AppDelegate.swift */ = {isa = PBXFileReference; lastKnownFileType = sourcecode.swift; path = AppDelegate.swift; sourceTree = "<group>"; };
		A27F1D81225E923F00B15976 /* ViewController.swift */ = {isa = PBXFileReference; lastKnownFileType = sourcecode.swift; path = ViewController.swift; sourceTree = "<group>"; };
		A27F1D84225E923F00B15976 /* Base */ = {isa = PBXFileReference; lastKnownFileType = file.storyboard; name = Base; path = Base.lproj/Main.storyboard; sourceTree = "<group>"; };
		A27F1D86225E924100B15976 /* Assets.xcassets */ = {isa = PBXFileReference; lastKnownFileType = folder.assetcatalog; path = Assets.xcassets; sourceTree = "<group>"; };
		A27F1D89225E924100B15976 /* Base */ = {isa = PBXFileReference; lastKnownFileType = file.storyboard; name = Base; path = Base.lproj/LaunchScreen.storyboard; sourceTree = "<group>"; };
		A27F1D8B225E924100B15976 /* Info.plist */ = {isa = PBXFileReference; lastKnownFileType = text.plist.xml; path = Info.plist; sourceTree = "<group>"; };
		A27F1D90225E924100B15976 /* popmoviesTests.xctest */ = {isa = PBXFileReference; explicitFileType = wrapper.cfbundle; includeInIndex = 0; path = popmoviesTests.xctest; sourceTree = BUILT_PRODUCTS_DIR; };
		A27F1D94225E924100B15976 /* popmoviesTests.swift */ = {isa = PBXFileReference; lastKnownFileType = sourcecode.swift; path = popmoviesTests.swift; sourceTree = "<group>"; };
		A27F1D96225E924100B15976 /* Info.plist */ = {isa = PBXFileReference; lastKnownFileType = text.plist.xml; path = Info.plist; sourceTree = "<group>"; };
		A27F1D9B225E924100B15976 /* popmoviesUITests.xctest */ = {isa = PBXFileReference; explicitFileType = wrapper.cfbundle; includeInIndex = 0; path = popmoviesUITests.xctest; sourceTree = BUILT_PRODUCTS_DIR; };
		A27F1D9F225E924100B15976 /* popmoviesUITests.swift */ = {isa = PBXFileReference; lastKnownFileType = sourcecode.swift; path = popmoviesUITests.swift; sourceTree = "<group>"; };
		A27F1DA1225E924100B15976 /* Info.plist */ = {isa = PBXFileReference; lastKnownFileType = text.plist.xml; path = Info.plist; sourceTree = "<group>"; };
		A27F1DB0225EA8F100B15976 /* HomeController.swift */ = {isa = PBXFileReference; lastKnownFileType = sourcecode.swift; path = HomeController.swift; sourceTree = "<group>"; };
		A27F1DB2225EA90400B15976 /* ProfileController.swift */ = {isa = PBXFileReference; lastKnownFileType = sourcecode.swift; path = ProfileController.swift; sourceTree = "<group>"; };
		A27F4F7D225FC23800B15976 /* HomePresenter.swift */ = {isa = PBXFileReference; lastKnownFileType = sourcecode.swift; path = HomePresenter.swift; sourceTree = "<group>"; };
		A27F4F80225FC41800B15976 /* HomeContract.swift */ = {isa = PBXFileReference; lastKnownFileType = sourcecode.swift; path = HomeContract.swift; sourceTree = "<group>"; };
		A27F4F82225FC4AF00B15976 /* BaseContract.swift */ = {isa = PBXFileReference; lastKnownFileType = sourcecode.swift; path = BaseContract.swift; sourceTree = "<group>"; };
		A27F4F84225FC6A700B15976 /* BasePresenter.swift */ = {isa = PBXFileReference; lastKnownFileType = sourcecode.swift; path = BasePresenter.swift; sourceTree = "<group>"; };
		A2D6AF95226B821E004254D4 /* SimpleItemCell.swift */ = {isa = PBXFileReference; lastKnownFileType = sourcecode.swift; path = SimpleItemCell.swift; sourceTree = "<group>"; };
		A2FE0220226BAD7B00BCB8AC /* MovieDetailsMiddleCell.swift */ = {isa = PBXFileReference; lastKnownFileType = sourcecode.swift; path = MovieDetailsMiddleCell.swift; sourceTree = "<group>"; };
		A2FE0224226BCBE200BCB8AC /* PersonCell.swift */ = {isa = PBXFileReference; lastKnownFileType = sourcecode.swift; path = PersonCell.swift; sourceTree = "<group>"; };
		A2FE0226226BCF6000BCB8AC /* PersonItem.swift */ = {isa = PBXFileReference; lastKnownFileType = sourcecode.swift; path = PersonItem.swift; sourceTree = "<group>"; };
		A2FE0228226D030F00BCB8AC /* MovieDetailsFooterCell.swift */ = {isa = PBXFileReference; lastKnownFileType = sourcecode.swift; path = MovieDetailsFooterCell.swift; sourceTree = "<group>"; };
		A2FE022A226D076500BCB8AC /* MovieDetailsMidiaCell.swift */ = {isa = PBXFileReference; lastKnownFileType = sourcecode.swift; path = MovieDetailsMidiaCell.swift; sourceTree = "<group>"; };
		A2FE0231226D1AA400BCB8AC /* MovieOMDB.swift */ = {isa = PBXFileReference; lastKnownFileType = sourcecode.swift; path = MovieOMDB.swift; sourceTree = "<group>"; };
		A2FE0233226D1ADA00BCB8AC /* Rating.swift */ = {isa = PBXFileReference; lastKnownFileType = sourcecode.swift; path = Rating.swift; sourceTree = "<group>"; };
		A2FE0235226D5D0100BCB8AC /* VideoCell.swift */ = {isa = PBXFileReference; lastKnownFileType = sourcecode.swift; path = VideoCell.swift; sourceTree = "<group>"; };
		A2FE0237226D5D2A00BCB8AC /* WallpaperCell.swift */ = {isa = PBXFileReference; lastKnownFileType = sourcecode.swift; path = WallpaperCell.swift; sourceTree = "<group>"; };
		A2FE023A226E2DDA00BCB8AC /* ImageUtils.swift */ = {isa = PBXFileReference; lastKnownFileType = sourcecode.swift; path = ImageUtils.swift; sourceTree = "<group>"; };
		A2FE023C226E369F00BCB8AC /* MovieCell.xib */ = {isa = PBXFileReference; lastKnownFileType = file.xib; path = MovieCell.xib; sourceTree = "<group>"; };
		A2FE0244226E3CF600BCB8AC /* MovieFeaturedCell.xib */ = {isa = PBXFileReference; lastKnownFileType = file.xib; path = MovieFeaturedCell.xib; sourceTree = "<group>"; };
		BF671210EF166C7A48E4C8AD /* Pods-popmoviesUITests.release.xcconfig */ = {isa = PBXFileReference; includeInIndex = 1; lastKnownFileType = text.xcconfig; name = "Pods-popmoviesUITests.release.xcconfig"; path = "Pods/Target Support Files/Pods-popmoviesUITests/Pods-popmoviesUITests.release.xcconfig"; sourceTree = "<group>"; };
		DBEE69AB622BE17688070CB2 /* Pods_popmovies.framework */ = {isa = PBXFileReference; explicitFileType = wrapper.framework; includeInIndex = 0; path = Pods_popmovies.framework; sourceTree = BUILT_PRODUCTS_DIR; };
		E2BC4F45CD951837539FAF96 /* Pods-popmoviesTests.release.xcconfig */ = {isa = PBXFileReference; includeInIndex = 1; lastKnownFileType = text.xcconfig; name = "Pods-popmoviesTests.release.xcconfig"; path = "Pods/Target Support Files/Pods-popmoviesTests/Pods-popmoviesTests.release.xcconfig"; sourceTree = "<group>"; };
		FE6C2513138D8836130F40DA /* Pods-popmoviesUITests.debug.xcconfig */ = {isa = PBXFileReference; includeInIndex = 1; lastKnownFileType = text.xcconfig; name = "Pods-popmoviesUITests.debug.xcconfig"; path = "Pods/Target Support Files/Pods-popmoviesUITests/Pods-popmoviesUITests.debug.xcconfig"; sourceTree = "<group>"; };
/* End PBXFileReference section */

/* Begin PBXFrameworksBuildPhase section */
		A27F1D79225E923F00B15976 /* Frameworks */ = {
			isa = PBXFrameworksBuildPhase;
			buildActionMask = 2147483647;
			files = (
				36875851E9DB53AFE9002B58 /* Pods_popmovies.framework in Frameworks */,
			);
			runOnlyForDeploymentPostprocessing = 0;
		};
		A27F1D8D225E924100B15976 /* Frameworks */ = {
			isa = PBXFrameworksBuildPhase;
			buildActionMask = 2147483647;
			files = (
				4E1A93D6BEEF261239ECB6BC /* Pods_popmoviesTests.framework in Frameworks */,
			);
			runOnlyForDeploymentPostprocessing = 0;
		};
		A27F1D98225E924100B15976 /* Frameworks */ = {
			isa = PBXFrameworksBuildPhase;
			buildActionMask = 2147483647;
			files = (
				9E8E4B01C1656C380EAE1867 /* Pods_popmoviesUITests.framework in Frameworks */,
			);
			runOnlyForDeploymentPostprocessing = 0;
		};
/* End PBXFrameworksBuildPhase section */

/* Begin PBXGroup section */
		22312F74EF7B54A7125AD865 /* Frameworks */ = {
			isa = PBXGroup;
			children = (
				DBEE69AB622BE17688070CB2 /* Pods_popmovies.framework */,
				2A5D0AAE09D2ACB7815B87C1 /* Pods_popmoviesTests.framework */,
				480AEAD8487605BDBEC2F646 /* Pods_popmoviesUITests.framework */,
			);
			name = Frameworks;
			sourceTree = "<group>";
		};
		89CE35BF3C74455952E436CE /* Pods */ = {
			isa = PBXGroup;
			children = (
				28DDACC5D7906EF1CFB0D3EB /* Pods-popmovies.debug.xcconfig */,
				5AF9BD86AB74E95F24DC379A /* Pods-popmovies.release.xcconfig */,
				5EB72ED481AC23B1A6D5B59F /* Pods-popmoviesTests.debug.xcconfig */,
				E2BC4F45CD951837539FAF96 /* Pods-popmoviesTests.release.xcconfig */,
				FE6C2513138D8836130F40DA /* Pods-popmoviesUITests.debug.xcconfig */,
				BF671210EF166C7A48E4C8AD /* Pods-popmoviesUITests.release.xcconfig */,
			);
			name = Pods;
			sourceTree = "<group>";
		};
		A21693A32263D35A009988F1 /* Models */ = {
			isa = PBXGroup;
			children = (
				A2FE0230226D1A8E00BCB8AC /* OMDB */,
				A22A920D226922A300F74BD5 /* TMDB */,
				A21693A72263D658009988F1 /* BaseModel.swift */,
				A22A9252226ACC7F00F74BD5 /* SimpleItem.swift */,
				A2FE0226226BCF6000BCB8AC /* PersonItem.swift */,
			);
			path = Models;
			sourceTree = "<group>";
		};
		A21693A42263D523009988F1 /* Constants */ = {
			isa = PBXGroup;
			children = (
				A21693A52263D580009988F1 /* Constants.swift */,
			);
			path = Constants;
			sourceTree = "<group>";
		};
		A21693AB2263D89D009988F1 /* Movie */ = {
			isa = PBXGroup;
			children = (
				A22A91EC2269122A00F74BD5 /* AlternativeTitle.swift */,
				A22A91EE2269127300F74BD5 /* Title.swift */,
				A21694592263EFDE009988F1 /* Genre.swift */,
				A216945B2263EFDE009988F1 /* ProductionCompany.swift */,
				A216945A2263EFDE009988F1 /* ProductionCountry.swift */,
				A216945C2263EFDE009988F1 /* SpokenLanguage.swift */,
				A21693AC2263D8A7009988F1 /* Movie.swift */,
				A22A91FA22691C7B00F74BD5 /* Keyword.swift */,
			);
			path = Movie;
			sourceTree = "<group>";
		};
		A21693BC2263E4A1009988F1 /* Tools */ = {
			isa = PBXGroup;
			children = (
				A2FE0239226E2DCB00BCB8AC /* Utils */,
				A21693C12263E750009988F1 /* Extensions */,
				A22A91EA2269108700F74BD5 /* EnumTransformStringCaseInsensitive.swift */,
			);
			path = Tools;
			sourceTree = "<group>";
		};
		A21693C12263E750009988F1 /* Extensions */ = {
			isa = PBXGroup;
			children = (
				A21693BD2263E4B3009988F1 /* ObservableType.swift */,
				A21693C22263E76A009988F1 /* Dictionary.swift */,
				A216947722665974009988F1 /* UIImageView.swift */,
				A22A9246226AA1F100F74BD5 /* Date.swift */,
			);
			path = Extensions;
			sourceTree = "<group>";
		};
		A216947422665534009988F1 /* Cells */ = {
			isa = PBXGroup;
			children = (
				A22A9243226A78FA00F74BD5 /* MovieDetails */,
				A22A91D82267CBAC00F74BD5 /* Home */,
				A21694752266556E009988F1 /* MovieCell.swift */,
				A2D6AF95226B821E004254D4 /* SimpleItemCell.swift */,
				A2FE0224226BCBE200BCB8AC /* PersonCell.swift */,
				A2FE0235226D5D0100BCB8AC /* VideoCell.swift */,
				A2FE0237226D5D2A00BCB8AC /* WallpaperCell.swift */,
			);
			path = Cells;
			sourceTree = "<group>";
		};
		A22A91D82267CBAC00F74BD5 /* Home */ = {
			isa = PBXGroup;
			children = (
				A22A91D92267CBC600F74BD5 /* WeekMoviesCell.swift */,
				A216947922666EF2009988F1 /* FeatureMoviesCell.swift */,
			);
			path = Home;
			sourceTree = "<group>";
		};
		A22A91DF2268E18D00F74BD5 /* Callbacks */ = {
			isa = PBXGroup;
			children = (
				A22A91E02268E1B900F74BD5 /* MovieListCallback.swift */,
			);
			path = Callbacks;
			sourceTree = "<group>";
		};
		A22A91E8226906F600F74BD5 /* Media */ = {
			isa = PBXGroup;
			children = (
				A22A91F822691BF000F74BD5 /* Image.swift */,
				A22A91F02269198A00F74BD5 /* MediaCreditList.swift */,
				A22A920122691EB500F74BD5 /* Video.swift */,
			);
			path = Media;
			sourceTree = "<group>";
		};
		A22A91E92269070600F74BD5 /* Enum */ = {
			isa = PBXGroup;
			children = (
			);
			path = Enum;
			sourceTree = "<group>";
		};
		A22A91F222691A0300F74BD5 /* Credits */ = {
			isa = PBXGroup;
			children = (
				A22A91F322691A1500F74BD5 /* CreditCast.swift */,
				A22A91F522691A7700F74BD5 /* CreditCrew.swift */,
			);
			path = Credits;
			sourceTree = "<group>";
		};
		A22A91FC22691DB500F74BD5 /* Release */ = {
			isa = PBXGroup;
			children = (
				A22A91FD22691DC100F74BD5 /* Release.swift */,
				A22A91FF22691E0000F74BD5 /* ReleaseCountry.swift */,
			);
			path = Release;
			sourceTree = "<group>";
		};
		A22A9205226920B400F74BD5 /* Translation */ = {
			isa = PBXGroup;
			children = (
				A22A920322691FF700F74BD5 /* Translation.swift */,
				A22A92062269215D00F74BD5 /* TranslationData.swift */,
			);
			path = Translation;
			sourceTree = "<group>";
		};
		A22A9208226921D500F74BD5 /* Reviews */ = {
			isa = PBXGroup;
			children = (
				A22A9209226921E900F74BD5 /* Review.swift */,
				A22A920B2269223100F74BD5 /* ReviewPerson.swift */,
			);
			path = Reviews;
			sourceTree = "<group>";
		};
		A22A920D226922A300F74BD5 /* TMDB */ = {
			isa = PBXGroup;
			children = (
				A22A9208226921D500F74BD5 /* Reviews */,
				A22A9205226920B400F74BD5 /* Translation */,
				A22A91FC22691DB500F74BD5 /* Release */,
				A22A91F222691A0300F74BD5 /* Credits */,
				A22A91E92269070600F74BD5 /* Enum */,
				A22A91E8226906F600F74BD5 /* Media */,
				A21693AB2263D89D009988F1 /* Movie */,
				A21693BF2263E546009988F1 /* Results.swift */,
			);
			path = TMDB;
			sourceTree = "<group>";
		};
		A22A920E226A1CBA00F74BD5 /* Resources */ = {
			isa = PBXGroup;
			children = (
				A22A920F226A1CC500F74BD5 /* Fonts */,
			);
			path = Resources;
			sourceTree = "<group>";
		};
		A22A920F226A1CC500F74BD5 /* Fonts */ = {
			isa = PBXGroup;
			children = (
				A22A923D226A227A00F74BD5 /* Roboto-Bold.ttf */,
				A22A923C226A227900F74BD5 /* Roboto-Italic.ttf */,
				A22A923A226A227900F74BD5 /* Roboto-Light.ttf */,
				A22A9239226A227900F74BD5 /* Roboto-Regular.ttf */,
				A22A923B226A227900F74BD5 /* Roboto-Thin.ttf */,
				A22A9238226A226700F74BD5 /* Roboto */,
				A22A9231226A225200F74BD5 /* Oswald */,
				A22A9228226A223900F74BD5 /* OpenSans */,
			);
			path = Fonts;
			sourceTree = "<group>";
		};
		A22A9228226A223900F74BD5 /* OpenSans */ = {
			isa = PBXGroup;
			children = (
				A22A922A226A224800F74BD5 /* OpenSans-Bold.ttf */,
				A22A9229226A224800F74BD5 /* OpenSans-Italic.ttf */,
				A22A922C226A224800F74BD5 /* OpenSans-Light.ttf */,
				A22A922B226A224800F74BD5 /* OpenSans-Regular.ttf */,
			);
			path = OpenSans;
			sourceTree = "<group>";
		};
		A22A9231226A225200F74BD5 /* Oswald */ = {
			isa = PBXGroup;
			children = (
				A22A9232226A225F00F74BD5 /* Oswald-Bold.ttf */,
				A22A9234226A225F00F74BD5 /* Oswald-Light.ttf */,
				A22A9233226A225F00F74BD5 /* Oswald-Regular.ttf */,
			);
			name = Oswald;
			path = "New Group";
			sourceTree = "<group>";
		};
		A22A9238226A226700F74BD5 /* Roboto */ = {
			isa = PBXGroup;
			children = (
			);
			name = Roboto;
			path = "New Group1";
			sourceTree = "<group>";
		};
		A22A9243226A78FA00F74BD5 /* MovieDetails */ = {
			isa = PBXGroup;
			children = (
				A22A9244226A791100F74BD5 /* MovieDetailsHeaderCell.swift */,
				A2FE0220226BAD7B00BCB8AC /* MovieDetailsMiddleCell.swift */,
				A2FE0228226D030F00BCB8AC /* MovieDetailsFooterCell.swift */,
				A2FE022A226D076500BCB8AC /* MovieDetailsMidiaCell.swift */,
			);
			path = MovieDetails;
			sourceTree = "<group>";
		};
		A22A924F226AC31900F74BD5 /* CustomViews */ = {
			isa = PBXGroup;
			children = (
				A22A9250226AC32B00F74BD5 /* UIGradientImageView.swift */,
				A22A9254226AD83500F74BD5 /* UILabelView.swift */,
			);
			path = CustomViews;
			sourceTree = "<group>";
		};
		A27F1D73225E923F00B15976 = {
			isa = PBXGroup;
			children = (
				A27F1D7E225E923F00B15976 /* popmovies */,
				A27F1D93225E924100B15976 /* popmoviesTests */,
				A27F1D9E225E924100B15976 /* popmoviesUITests */,
				A27F1D7D225E923F00B15976 /* Products */,
				89CE35BF3C74455952E436CE /* Pods */,
				22312F74EF7B54A7125AD865 /* Frameworks */,
			);
			sourceTree = "<group>";
		};
		A27F1D7D225E923F00B15976 /* Products */ = {
			isa = PBXGroup;
			children = (
				A27F1D7C225E923F00B15976 /* popmovies.app */,
				A27F1D90225E924100B15976 /* popmoviesTests.xctest */,
				A27F1D9B225E924100B15976 /* popmoviesUITests.xctest */,
			);
			name = Products;
			sourceTree = "<group>";
		};
		A27F1D7E225E923F00B15976 /* popmovies */ = {
			isa = PBXGroup;
			children = (
				A27F1D8B225E924100B15976 /* Info.plist */,
				A27F1D7F225E923F00B15976 /* AppDelegate.swift */,
				A22A924F226AC31900F74BD5 /* CustomViews */,
				A22A91DF2268E18D00F74BD5 /* Callbacks */,
				A216947422665534009988F1 /* Cells */,
				A27F4F7F225FC40100B15976 /* Contracts */,
				A27F4F7C225FC1CE00B15976 /* Interactors */,
				A21693A32263D35A009988F1 /* Models */,
				A27F4F7B225FC1C500B15976 /* Presenters */,
				A27F4F7A225FBBE000B15976 /* Services */,
				A27F1DAF225E9C2C00B15976 /* Controllers */,
				A27F1DAD225E998C00B15976 /* Views */,
				A21693BC2263E4A1009988F1 /* Tools */,
				A27F1DAE225E9C0700B15976 /* Storyboards */,
				A21693A42263D523009988F1 /* Constants */,
				A22A920E226A1CBA00F74BD5 /* Resources */,
				A27F1D86225E924100B15976 /* Assets.xcassets */,
			);
			path = popmovies;
			sourceTree = "<group>";
		};
		A27F1D93225E924100B15976 /* popmoviesTests */ = {
			isa = PBXGroup;
			children = (
				A27F1D94225E924100B15976 /* popmoviesTests.swift */,
				A27F1D96225E924100B15976 /* Info.plist */,
			);
			path = popmoviesTests;
			sourceTree = "<group>";
		};
		A27F1D9E225E924100B15976 /* popmoviesUITests */ = {
			isa = PBXGroup;
			children = (
				A27F1D9F225E924100B15976 /* popmoviesUITests.swift */,
				A27F1DA1225E924100B15976 /* Info.plist */,
			);
			path = popmoviesUITests;
			sourceTree = "<group>";
		};
		A27F1DAD225E998C00B15976 /* Views */ = {
			isa = PBXGroup;
			children = (
			);
			path = Views;
			sourceTree = "<group>";
		};
		A27F1DAE225E9C0700B15976 /* Storyboards */ = {
			isa = PBXGroup;
			children = (
				A2D6AF92226B7E74004254D4 /* xib */,
				A27F1D88225E924100B15976 /* LaunchScreen.storyboard */,
				A27F1D83225E923F00B15976 /* Main.storyboard */,
				A22A91DB2268DE7D00F74BD5 /* Movie.storyboard */,
			);
			path = Storyboards;
			sourceTree = "<group>";
		};
		A27F1DAF225E9C2C00B15976 /* Controllers */ = {
			isa = PBXGroup;
			children = (
				A27F1D81225E923F00B15976 /* ViewController.swift */,
				A27F1DB0225EA8F100B15976 /* HomeController.swift */,
				A27F1DB2225EA90400B15976 /* ProfileController.swift */,
				A22A91DD2268DF4000F74BD5 /* MovieDetailsController.swift */,
			);
			path = Controllers;
			sourceTree = "<group>";
		};
		A27F4F7A225FBBE000B15976 /* Services */ = {
			isa = PBXGroup;
			children = (
				A21693A92263D700009988F1 /* MovieService.swift */,
				A21693BA2263E185009988F1 /* BaseService.swift */,
			);
			path = Services;
			sourceTree = "<group>";
		};
		A27F4F7B225FC1C500B15976 /* Presenters */ = {
			isa = PBXGroup;
			children = (
				A27F4F7D225FC23800B15976 /* HomePresenter.swift */,
				A27F4F84225FC6A700B15976 /* BasePresenter.swift */,
				A22A91E42268F9CD00F74BD5 /* MovieDetailsPresenter.swift */,
			);
			path = Presenters;
			sourceTree = "<group>";
		};
		A27F4F7C225FC1CE00B15976 /* Interactors */ = {
			isa = PBXGroup;
			children = (
				A21693C52263EDC8009988F1 /* HomeInteractor.swift */,
				A22A91E62268FAB300F74BD5 /* MovieDetailsInteractor.swift */,
			);
			path = Interactors;
			sourceTree = "<group>";
		};
		A27F4F7F225FC40100B15976 /* Contracts */ = {
			isa = PBXGroup;
			children = (
				A27F4F80225FC41800B15976 /* HomeContract.swift */,
				A27F4F82225FC4AF00B15976 /* BaseContract.swift */,
				A22A91E22268F51E00F74BD5 /* MovieDetailsContract.swift */,
			);
			path = Contracts;
			sourceTree = "<group>";
		};
		A2D6AF92226B7E74004254D4 /* xib */ = {
			isa = PBXGroup;
			children = (
				A2FE023C226E369F00BCB8AC /* MovieCell.xib */,
				A2FE0244226E3CF600BCB8AC /* MovieFeaturedCell.xib */,
			);
			path = xib;
			sourceTree = "<group>";
		};
		A2FE0230226D1A8E00BCB8AC /* OMDB */ = {
			isa = PBXGroup;
			children = (
				A2FE0231226D1AA400BCB8AC /* MovieOMDB.swift */,
				A2FE0233226D1ADA00BCB8AC /* Rating.swift */,
			);
			path = OMDB;
			sourceTree = "<group>";
		};
		A2FE0239226E2DCB00BCB8AC /* Utils */ = {
			isa = PBXGroup;
			children = (
				A2FE023A226E2DDA00BCB8AC /* ImageUtils.swift */,
			);
			path = Utils;
			sourceTree = "<group>";
		};
/* End PBXGroup section */

/* Begin PBXNativeTarget section */
		A27F1D7B225E923F00B15976 /* popmovies */ = {
			isa = PBXNativeTarget;
			buildConfigurationList = A27F1DA4225E924100B15976 /* Build configuration list for PBXNativeTarget "popmovies" */;
			buildPhases = (
				5DBECDDE026466FA6AA3F29D /* [CP] Check Pods Manifest.lock */,
				A27F1D78225E923F00B15976 /* Sources */,
				A27F1D79225E923F00B15976 /* Frameworks */,
				A27F1D7A225E923F00B15976 /* Resources */,
				344FA636C0438CFC08399BAD /* [CP] Embed Pods Frameworks */,
			);
			buildRules = (
			);
			dependencies = (
			);
			name = popmovies;
			productName = popmovies;
			productReference = A27F1D7C225E923F00B15976 /* popmovies.app */;
			productType = "com.apple.product-type.application";
		};
		A27F1D8F225E924100B15976 /* popmoviesTests */ = {
			isa = PBXNativeTarget;
			buildConfigurationList = A27F1DA7225E924100B15976 /* Build configuration list for PBXNativeTarget "popmoviesTests" */;
			buildPhases = (
				A007AA0B64EAB2655166826E /* [CP] Check Pods Manifest.lock */,
				A27F1D8C225E924100B15976 /* Sources */,
				A27F1D8D225E924100B15976 /* Frameworks */,
				A27F1D8E225E924100B15976 /* Resources */,
			);
			buildRules = (
			);
			dependencies = (
				A27F1D92225E924100B15976 /* PBXTargetDependency */,
			);
			name = popmoviesTests;
			productName = popmoviesTests;
			productReference = A27F1D90225E924100B15976 /* popmoviesTests.xctest */;
			productType = "com.apple.product-type.bundle.unit-test";
		};
		A27F1D9A225E924100B15976 /* popmoviesUITests */ = {
			isa = PBXNativeTarget;
			buildConfigurationList = A27F1DAA225E924100B15976 /* Build configuration list for PBXNativeTarget "popmoviesUITests" */;
			buildPhases = (
				42205FD14BAEA2CA3ECA0CFA /* [CP] Check Pods Manifest.lock */,
				A27F1D97225E924100B15976 /* Sources */,
				A27F1D98225E924100B15976 /* Frameworks */,
				A27F1D99225E924100B15976 /* Resources */,
			);
			buildRules = (
			);
			dependencies = (
				A27F1D9D225E924100B15976 /* PBXTargetDependency */,
			);
			name = popmoviesUITests;
			productName = popmoviesUITests;
			productReference = A27F1D9B225E924100B15976 /* popmoviesUITests.xctest */;
			productType = "com.apple.product-type.bundle.ui-testing";
		};
/* End PBXNativeTarget section */

/* Begin PBXProject section */
		A27F1D74225E923F00B15976 /* Project object */ = {
			isa = PBXProject;
			attributes = {
				LastSwiftUpdateCheck = 1010;
				LastUpgradeCheck = 1010;
				ORGANIZATIONNAME = "Tiago Silva";
				TargetAttributes = {
					A27F1D7B225E923F00B15976 = {
						CreatedOnToolsVersion = 10.1;
					};
					A27F1D8F225E924100B15976 = {
						CreatedOnToolsVersion = 10.1;
						TestTargetID = A27F1D7B225E923F00B15976;
					};
					A27F1D9A225E924100B15976 = {
						CreatedOnToolsVersion = 10.1;
						TestTargetID = A27F1D7B225E923F00B15976;
					};
				};
			};
			buildConfigurationList = A27F1D77225E923F00B15976 /* Build configuration list for PBXProject "popmovies" */;
			compatibilityVersion = "Xcode 9.3";
			developmentRegion = en;
			hasScannedForEncodings = 0;
			knownRegions = (
				en,
				Base,
			);
			mainGroup = A27F1D73225E923F00B15976;
			productRefGroup = A27F1D7D225E923F00B15976 /* Products */;
			projectDirPath = "";
			projectRoot = "";
			targets = (
				A27F1D7B225E923F00B15976 /* popmovies */,
				A27F1D8F225E924100B15976 /* popmoviesTests */,
				A27F1D9A225E924100B15976 /* popmoviesUITests */,
			);
		};
/* End PBXProject section */

/* Begin PBXResourcesBuildPhase section */
		A27F1D7A225E923F00B15976 /* Resources */ = {
			isa = PBXResourcesBuildPhase;
			buildActionMask = 2147483647;
			files = (
				A22A922F226A224800F74BD5 /* OpenSans-Regular.ttf in Resources */,
				A22A9235226A225F00F74BD5 /* Oswald-Bold.ttf in Resources */,
				A2FE023D226E369F00BCB8AC /* MovieCell.xib in Resources */,
				A22A922D226A224800F74BD5 /* OpenSans-Italic.ttf in Resources */,
				A27F1D8A225E924100B15976 /* LaunchScreen.storyboard in Resources */,
				A22A923F226A227A00F74BD5 /* Roboto-Light.ttf in Resources */,
				A22A9241226A227A00F74BD5 /* Roboto-Italic.ttf in Resources */,
				A22A9242226A227A00F74BD5 /* Roboto-Bold.ttf in Resources */,
				A27F1D87225E924100B15976 /* Assets.xcassets in Resources */,
				A22A9236226A225F00F74BD5 /* Oswald-Regular.ttf in Resources */,
				A22A9240226A227A00F74BD5 /* Roboto-Thin.ttf in Resources */,
				A22A922E226A224800F74BD5 /* OpenSans-Bold.ttf in Resources */,
				A27F1D85225E923F00B15976 /* Main.storyboard in Resources */,
				A22A91DC2268DE7D00F74BD5 /* Movie.storyboard in Resources */,
				A2FE0245226E3CF600BCB8AC /* MovieFeaturedCell.xib in Resources */,
				A22A923E226A227A00F74BD5 /* Roboto-Regular.ttf in Resources */,
				A22A9230226A224800F74BD5 /* OpenSans-Light.ttf in Resources */,
				A22A9237226A225F00F74BD5 /* Oswald-Light.ttf in Resources */,
			);
			runOnlyForDeploymentPostprocessing = 0;
		};
		A27F1D8E225E924100B15976 /* Resources */ = {
			isa = PBXResourcesBuildPhase;
			buildActionMask = 2147483647;
			files = (
			);
			runOnlyForDeploymentPostprocessing = 0;
		};
		A27F1D99225E924100B15976 /* Resources */ = {
			isa = PBXResourcesBuildPhase;
			buildActionMask = 2147483647;
			files = (
			);
			runOnlyForDeploymentPostprocessing = 0;
		};
/* End PBXResourcesBuildPhase section */

/* Begin PBXShellScriptBuildPhase section */
		344FA636C0438CFC08399BAD /* [CP] Embed Pods Frameworks */ = {
			isa = PBXShellScriptBuildPhase;
			buildActionMask = 2147483647;
			files = (
			);
			inputPaths = (
				"${SRCROOT}/Pods/Target Support Files/Pods-popmovies/Pods-popmovies-frameworks.sh",
				"${BUILT_PRODUCTS_DIR}/Alamofire/Alamofire.framework",
				"${BUILT_PRODUCTS_DIR}/Kingfisher/Kingfisher.framework",
				"${BUILT_PRODUCTS_DIR}/ObjectMapper/ObjectMapper.framework",
				"${BUILT_PRODUCTS_DIR}/RxAlamofire/RxAlamofire.framework",
				"${BUILT_PRODUCTS_DIR}/RxCocoa/RxCocoa.framework",
				"${BUILT_PRODUCTS_DIR}/RxSwift/RxSwift.framework",
				"${BUILT_PRODUCTS_DIR}/UIImageColors/UIImageColors.framework",
			);
			name = "[CP] Embed Pods Frameworks";
			outputPaths = (
				"${TARGET_BUILD_DIR}/${FRAMEWORKS_FOLDER_PATH}/Alamofire.framework",
				"${TARGET_BUILD_DIR}/${FRAMEWORKS_FOLDER_PATH}/Kingfisher.framework",
				"${TARGET_BUILD_DIR}/${FRAMEWORKS_FOLDER_PATH}/ObjectMapper.framework",
				"${TARGET_BUILD_DIR}/${FRAMEWORKS_FOLDER_PATH}/RxAlamofire.framework",
				"${TARGET_BUILD_DIR}/${FRAMEWORKS_FOLDER_PATH}/RxCocoa.framework",
				"${TARGET_BUILD_DIR}/${FRAMEWORKS_FOLDER_PATH}/RxSwift.framework",
				"${TARGET_BUILD_DIR}/${FRAMEWORKS_FOLDER_PATH}/UIImageColors.framework",
			);
			runOnlyForDeploymentPostprocessing = 0;
			shellPath = /bin/sh;
			shellScript = "\"${SRCROOT}/Pods/Target Support Files/Pods-popmovies/Pods-popmovies-frameworks.sh\"\n";
			showEnvVarsInLog = 0;
		};
		42205FD14BAEA2CA3ECA0CFA /* [CP] Check Pods Manifest.lock */ = {
			isa = PBXShellScriptBuildPhase;
			buildActionMask = 2147483647;
			files = (
			);
			inputPaths = (
				"${PODS_PODFILE_DIR_PATH}/Podfile.lock",
				"${PODS_ROOT}/Manifest.lock",
			);
			name = "[CP] Check Pods Manifest.lock";
			outputPaths = (
				"$(DERIVED_FILE_DIR)/Pods-popmoviesUITests-checkManifestLockResult.txt",
			);
			runOnlyForDeploymentPostprocessing = 0;
			shellPath = /bin/sh;
			shellScript = "diff \"${PODS_PODFILE_DIR_PATH}/Podfile.lock\" \"${PODS_ROOT}/Manifest.lock\" > /dev/null\nif [ $? != 0 ] ; then\n    # print error to STDERR\n    echo \"error: The sandbox is not in sync with the Podfile.lock. Run 'pod install' or update your CocoaPods installation.\" >&2\n    exit 1\nfi\n# This output is used by Xcode 'outputs' to avoid re-running this script phase.\necho \"SUCCESS\" > \"${SCRIPT_OUTPUT_FILE_0}\"\n";
			showEnvVarsInLog = 0;
		};
		5DBECDDE026466FA6AA3F29D /* [CP] Check Pods Manifest.lock */ = {
			isa = PBXShellScriptBuildPhase;
			buildActionMask = 2147483647;
			files = (
			);
			inputPaths = (
				"${PODS_PODFILE_DIR_PATH}/Podfile.lock",
				"${PODS_ROOT}/Manifest.lock",
			);
			name = "[CP] Check Pods Manifest.lock";
			outputPaths = (
				"$(DERIVED_FILE_DIR)/Pods-popmovies-checkManifestLockResult.txt",
			);
			runOnlyForDeploymentPostprocessing = 0;
			shellPath = /bin/sh;
			shellScript = "diff \"${PODS_PODFILE_DIR_PATH}/Podfile.lock\" \"${PODS_ROOT}/Manifest.lock\" > /dev/null\nif [ $? != 0 ] ; then\n    # print error to STDERR\n    echo \"error: The sandbox is not in sync with the Podfile.lock. Run 'pod install' or update your CocoaPods installation.\" >&2\n    exit 1\nfi\n# This output is used by Xcode 'outputs' to avoid re-running this script phase.\necho \"SUCCESS\" > \"${SCRIPT_OUTPUT_FILE_0}\"\n";
			showEnvVarsInLog = 0;
		};
		A007AA0B64EAB2655166826E /* [CP] Check Pods Manifest.lock */ = {
			isa = PBXShellScriptBuildPhase;
			buildActionMask = 2147483647;
			files = (
			);
			inputPaths = (
				"${PODS_PODFILE_DIR_PATH}/Podfile.lock",
				"${PODS_ROOT}/Manifest.lock",
			);
			name = "[CP] Check Pods Manifest.lock";
			outputPaths = (
				"$(DERIVED_FILE_DIR)/Pods-popmoviesTests-checkManifestLockResult.txt",
			);
			runOnlyForDeploymentPostprocessing = 0;
			shellPath = /bin/sh;
			shellScript = "diff \"${PODS_PODFILE_DIR_PATH}/Podfile.lock\" \"${PODS_ROOT}/Manifest.lock\" > /dev/null\nif [ $? != 0 ] ; then\n    # print error to STDERR\n    echo \"error: The sandbox is not in sync with the Podfile.lock. Run 'pod install' or update your CocoaPods installation.\" >&2\n    exit 1\nfi\n# This output is used by Xcode 'outputs' to avoid re-running this script phase.\necho \"SUCCESS\" > \"${SCRIPT_OUTPUT_FILE_0}\"\n";
			showEnvVarsInLog = 0;
		};
/* End PBXShellScriptBuildPhase section */

/* Begin PBXSourcesBuildPhase section */
		A27F1D78225E923F00B15976 /* Sources */ = {
			isa = PBXSourcesBuildPhase;
			buildActionMask = 2147483647;
			files = (
				A27F4F81225FC41800B15976 /* HomeContract.swift in Sources */,
				A22A91E52268F9CD00F74BD5 /* MovieDetailsPresenter.swift in Sources */,
				A21693C32263E76A009988F1 /* Dictionary.swift in Sources */,
				A22A92072269215D00F74BD5 /* TranslationData.swift in Sources */,
				A27F4F85225FC6A700B15976 /* BasePresenter.swift in Sources */,
				A21693AD2263D8A7009988F1 /* Movie.swift in Sources */,
				A27F1D82225E923F00B15976 /* ViewController.swift in Sources */,
				A216945E2263EFDE009988F1 /* ProductionCountry.swift in Sources */,
				A22A91DA2267CBC600F74BD5 /* WeekMoviesCell.swift in Sources */,
				A21694602263EFDE009988F1 /* SpokenLanguage.swift in Sources */,
				A2FE0238226D5D2A00BCB8AC /* WallpaperCell.swift in Sources */,
				A27F4F83225FC4AF00B15976 /* BaseContract.swift in Sources */,
				A22A91E12268E1B900F74BD5 /* MovieListCallback.swift in Sources */,
				A22A920422691FF700F74BD5 /* Translation.swift in Sources */,
				A2FE0227226BCF6000BCB8AC /* PersonItem.swift in Sources */,
				A22A91DE2268DF4000F74BD5 /* MovieDetailsController.swift in Sources */,
				A21693C62263EDC8009988F1 /* HomeInteractor.swift in Sources */,
				A22A91EF2269127300F74BD5 /* Title.swift in Sources */,
				A22A9247226AA1F100F74BD5 /* Date.swift in Sources */,
				A216947A22666EF2009988F1 /* FeatureMoviesCell.swift in Sources */,
				A22A920A226921E900F74BD5 /* Review.swift in Sources */,
				A2FE0234226D1ADA00BCB8AC /* Rating.swift in Sources */,
				A2D6AF97226B821E004254D4 /* SimpleItemCell.swift in Sources */,
				A22A9245226A791100F74BD5 /* MovieDetailsHeaderCell.swift in Sources */,
				A2FE0229226D030F00BCB8AC /* MovieDetailsFooterCell.swift in Sources */,
				A216945F2263EFDE009988F1 /* ProductionCompany.swift in Sources */,
				A22A91FE22691DC100F74BD5 /* Release.swift in Sources */,
				A21693C02263E546009988F1 /* Results.swift in Sources */,
				A21693A82263D658009988F1 /* BaseModel.swift in Sources */,
				A22A920222691EB500F74BD5 /* Video.swift in Sources */,
				A22A9253226ACC7F00F74BD5 /* SimpleItem.swift in Sources */,
				A216945D2263EFDE009988F1 /* Genre.swift in Sources */,
				A22A920022691E0000F74BD5 /* ReleaseCountry.swift in Sources */,
				A22A920C2269223100F74BD5 /* ReviewPerson.swift in Sources */,
				A22A91ED2269122A00F74BD5 /* AlternativeTitle.swift in Sources */,
				A27F1D80225E923F00B15976 /* AppDelegate.swift in Sources */,
				A2FE0221226BAD7B00BCB8AC /* MovieDetailsMiddleCell.swift in Sources */,
				A2FE0232226D1AA400BCB8AC /* MovieOMDB.swift in Sources */,
				A21694762266556E009988F1 /* MovieCell.swift in Sources */,
				A22A91F422691A1500F74BD5 /* CreditCast.swift in Sources */,
				A22A9255226AD83500F74BD5 /* UILabelView.swift in Sources */,
				A22A91EB2269108700F74BD5 /* EnumTransformStringCaseInsensitive.swift in Sources */,
				A2FE0225226BCBE200BCB8AC /* PersonCell.swift in Sources */,
				A2FE022B226D076500BCB8AC /* MovieDetailsMidiaCell.swift in Sources */,
				A27F1DB1225EA8F100B15976 /* HomeController.swift in Sources */,
				A21693BE2263E4B3009988F1 /* ObservableType.swift in Sources */,
				A22A91F922691BF000F74BD5 /* Image.swift in Sources */,
				A22A91F12269198A00F74BD5 /* MediaCreditList.swift in Sources */,
				A21693BB2263E185009988F1 /* BaseService.swift in Sources */,
				A27F4F7E225FC23800B15976 /* HomePresenter.swift in Sources */,
				A22A91E72268FAB300F74BD5 /* MovieDetailsInteractor.swift in Sources */,
				A216947822665974009988F1 /* UIImageView.swift in Sources */,
				A27F1DB3225EA90400B15976 /* ProfileController.swift in Sources */,
				A22A91E32268F51E00F74BD5 /* MovieDetailsContract.swift in Sources */,
				A21693A62263D580009988F1 /* Constants.swift in Sources */,
				A21693AA2263D700009988F1 /* MovieService.swift in Sources */,
				A2FE0236226D5D0100BCB8AC /* VideoCell.swift in Sources */,
				A2FE023B226E2DDA00BCB8AC /* ImageUtils.swift in Sources */,
				A22A91F622691A7700F74BD5 /* CreditCrew.swift in Sources */,
				A22A91FB22691C7B00F74BD5 /* Keyword.swift in Sources */,
				A22A9251226AC32B00F74BD5 /* UIGradientImageView.swift in Sources */,
			);
			runOnlyForDeploymentPostprocessing = 0;
		};
		A27F1D8C225E924100B15976 /* Sources */ = {
			isa = PBXSourcesBuildPhase;
			buildActionMask = 2147483647;
			files = (
				A27F1D95225E924100B15976 /* popmoviesTests.swift in Sources */,
			);
			runOnlyForDeploymentPostprocessing = 0;
		};
		A27F1D97225E924100B15976 /* Sources */ = {
			isa = PBXSourcesBuildPhase;
			buildActionMask = 2147483647;
			files = (
				A27F1DA0225E924100B15976 /* popmoviesUITests.swift in Sources */,
			);
			runOnlyForDeploymentPostprocessing = 0;
		};
/* End PBXSourcesBuildPhase section */

/* Begin PBXTargetDependency section */
		A27F1D92225E924100B15976 /* PBXTargetDependency */ = {
			isa = PBXTargetDependency;
			target = A27F1D7B225E923F00B15976 /* popmovies */;
			targetProxy = A27F1D91225E924100B15976 /* PBXContainerItemProxy */;
		};
		A27F1D9D225E924100B15976 /* PBXTargetDependency */ = {
			isa = PBXTargetDependency;
			target = A27F1D7B225E923F00B15976 /* popmovies */;
			targetProxy = A27F1D9C225E924100B15976 /* PBXContainerItemProxy */;
		};
/* End PBXTargetDependency section */

/* Begin PBXVariantGroup section */
		A27F1D83225E923F00B15976 /* Main.storyboard */ = {
			isa = PBXVariantGroup;
			children = (
				A27F1D84225E923F00B15976 /* Base */,
			);
			name = Main.storyboard;
			sourceTree = "<group>";
		};
		A27F1D88225E924100B15976 /* LaunchScreen.storyboard */ = {
			isa = PBXVariantGroup;
			children = (
				A27F1D89225E924100B15976 /* Base */,
			);
			name = LaunchScreen.storyboard;
			sourceTree = "<group>";
		};
/* End PBXVariantGroup section */

/* Begin XCBuildConfiguration section */
		A27F1DA2225E924100B15976 /* Debug */ = {
			isa = XCBuildConfiguration;
			buildSettings = {
				ALWAYS_SEARCH_USER_PATHS = NO;
				CLANG_ANALYZER_NONNULL = YES;
				CLANG_ANALYZER_NUMBER_OBJECT_CONVERSION = YES_AGGRESSIVE;
				CLANG_CXX_LANGUAGE_STANDARD = "gnu++14";
				CLANG_CXX_LIBRARY = "libc++";
				CLANG_ENABLE_MODULES = YES;
				CLANG_ENABLE_OBJC_ARC = YES;
				CLANG_ENABLE_OBJC_WEAK = YES;
				CLANG_WARN_BLOCK_CAPTURE_AUTORELEASING = YES;
				CLANG_WARN_BOOL_CONVERSION = YES;
				CLANG_WARN_COMMA = YES;
				CLANG_WARN_CONSTANT_CONVERSION = YES;
				CLANG_WARN_DEPRECATED_OBJC_IMPLEMENTATIONS = YES;
				CLANG_WARN_DIRECT_OBJC_ISA_USAGE = YES_ERROR;
				CLANG_WARN_DOCUMENTATION_COMMENTS = YES;
				CLANG_WARN_EMPTY_BODY = YES;
				CLANG_WARN_ENUM_CONVERSION = YES;
				CLANG_WARN_INFINITE_RECURSION = YES;
				CLANG_WARN_INT_CONVERSION = YES;
				CLANG_WARN_NON_LITERAL_NULL_CONVERSION = YES;
				CLANG_WARN_OBJC_IMPLICIT_RETAIN_SELF = YES;
				CLANG_WARN_OBJC_LITERAL_CONVERSION = YES;
				CLANG_WARN_OBJC_ROOT_CLASS = YES_ERROR;
				CLANG_WARN_RANGE_LOOP_ANALYSIS = YES;
				CLANG_WARN_STRICT_PROTOTYPES = YES;
				CLANG_WARN_SUSPICIOUS_MOVE = YES;
				CLANG_WARN_UNGUARDED_AVAILABILITY = YES_AGGRESSIVE;
				CLANG_WARN_UNREACHABLE_CODE = YES;
				CLANG_WARN__DUPLICATE_METHOD_MATCH = YES;
				CODE_SIGN_IDENTITY = "iPhone Developer";
				COPY_PHASE_STRIP = NO;
				DEBUG_INFORMATION_FORMAT = dwarf;
				ENABLE_STRICT_OBJC_MSGSEND = YES;
				ENABLE_TESTABILITY = YES;
				GCC_C_LANGUAGE_STANDARD = gnu11;
				GCC_DYNAMIC_NO_PIC = NO;
				GCC_NO_COMMON_BLOCKS = YES;
				GCC_OPTIMIZATION_LEVEL = 0;
				GCC_PREPROCESSOR_DEFINITIONS = (
					"DEBUG=1",
					"$(inherited)",
				);
				GCC_WARN_64_TO_32_BIT_CONVERSION = YES;
				GCC_WARN_ABOUT_RETURN_TYPE = YES_ERROR;
				GCC_WARN_UNDECLARED_SELECTOR = YES;
				GCC_WARN_UNINITIALIZED_AUTOS = YES_AGGRESSIVE;
				GCC_WARN_UNUSED_FUNCTION = YES;
				GCC_WARN_UNUSED_VARIABLE = YES;
				IPHONEOS_DEPLOYMENT_TARGET = 12.1;
				MTL_ENABLE_DEBUG_INFO = INCLUDE_SOURCE;
				MTL_FAST_MATH = YES;
				ONLY_ACTIVE_ARCH = YES;
				SDKROOT = iphoneos;
				SWIFT_ACTIVE_COMPILATION_CONDITIONS = DEBUG;
				SWIFT_OPTIMIZATION_LEVEL = "-Onone";
			};
			name = Debug;
		};
		A27F1DA3225E924100B15976 /* Release */ = {
			isa = XCBuildConfiguration;
			buildSettings = {
				ALWAYS_SEARCH_USER_PATHS = NO;
				CLANG_ANALYZER_NONNULL = YES;
				CLANG_ANALYZER_NUMBER_OBJECT_CONVERSION = YES_AGGRESSIVE;
				CLANG_CXX_LANGUAGE_STANDARD = "gnu++14";
				CLANG_CXX_LIBRARY = "libc++";
				CLANG_ENABLE_MODULES = YES;
				CLANG_ENABLE_OBJC_ARC = YES;
				CLANG_ENABLE_OBJC_WEAK = YES;
				CLANG_WARN_BLOCK_CAPTURE_AUTORELEASING = YES;
				CLANG_WARN_BOOL_CONVERSION = YES;
				CLANG_WARN_COMMA = YES;
				CLANG_WARN_CONSTANT_CONVERSION = YES;
				CLANG_WARN_DEPRECATED_OBJC_IMPLEMENTATIONS = YES;
				CLANG_WARN_DIRECT_OBJC_ISA_USAGE = YES_ERROR;
				CLANG_WARN_DOCUMENTATION_COMMENTS = YES;
				CLANG_WARN_EMPTY_BODY = YES;
				CLANG_WARN_ENUM_CONVERSION = YES;
				CLANG_WARN_INFINITE_RECURSION = YES;
				CLANG_WARN_INT_CONVERSION = YES;
				CLANG_WARN_NON_LITERAL_NULL_CONVERSION = YES;
				CLANG_WARN_OBJC_IMPLICIT_RETAIN_SELF = YES;
				CLANG_WARN_OBJC_LITERAL_CONVERSION = YES;
				CLANG_WARN_OBJC_ROOT_CLASS = YES_ERROR;
				CLANG_WARN_RANGE_LOOP_ANALYSIS = YES;
				CLANG_WARN_STRICT_PROTOTYPES = YES;
				CLANG_WARN_SUSPICIOUS_MOVE = YES;
				CLANG_WARN_UNGUARDED_AVAILABILITY = YES_AGGRESSIVE;
				CLANG_WARN_UNREACHABLE_CODE = YES;
				CLANG_WARN__DUPLICATE_METHOD_MATCH = YES;
				CODE_SIGN_IDENTITY = "iPhone Developer";
				COPY_PHASE_STRIP = NO;
				DEBUG_INFORMATION_FORMAT = "dwarf-with-dsym";
				ENABLE_NS_ASSERTIONS = NO;
				ENABLE_STRICT_OBJC_MSGSEND = YES;
				GCC_C_LANGUAGE_STANDARD = gnu11;
				GCC_NO_COMMON_BLOCKS = YES;
				GCC_WARN_64_TO_32_BIT_CONVERSION = YES;
				GCC_WARN_ABOUT_RETURN_TYPE = YES_ERROR;
				GCC_WARN_UNDECLARED_SELECTOR = YES;
				GCC_WARN_UNINITIALIZED_AUTOS = YES_AGGRESSIVE;
				GCC_WARN_UNUSED_FUNCTION = YES;
				GCC_WARN_UNUSED_VARIABLE = YES;
				IPHONEOS_DEPLOYMENT_TARGET = 12.1;
				MTL_ENABLE_DEBUG_INFO = NO;
				MTL_FAST_MATH = YES;
				SDKROOT = iphoneos;
				SWIFT_COMPILATION_MODE = wholemodule;
				SWIFT_OPTIMIZATION_LEVEL = "-O";
				VALIDATE_PRODUCT = YES;
			};
			name = Release;
		};
		A27F1DA5225E924100B15976 /* Debug */ = {
			isa = XCBuildConfiguration;
			baseConfigurationReference = 28DDACC5D7906EF1CFB0D3EB /* Pods-popmovies.debug.xcconfig */;
			buildSettings = {
				ASSETCATALOG_COMPILER_APPICON_NAME = AppIcon;
				CODE_SIGN_STYLE = Automatic;
				DEVELOPMENT_TEAM = KNXL4958SP;
				INFOPLIST_FILE = popmovies/Info.plist;
				LD_RUNPATH_SEARCH_PATHS = (
					"$(inherited)",
					"@executable_path/Frameworks",
				);
				PRODUCT_BUNDLE_IDENTIFIER = com.tiagohs.popmovies;
				PRODUCT_NAME = "$(TARGET_NAME)";
				SWIFT_VERSION = 4.2;
				TARGETED_DEVICE_FAMILY = "1,2";
			};
			name = Debug;
		};
		A27F1DA6225E924100B15976 /* Release */ = {
			isa = XCBuildConfiguration;
			baseConfigurationReference = 5AF9BD86AB74E95F24DC379A /* Pods-popmovies.release.xcconfig */;
			buildSettings = {
				ASSETCATALOG_COMPILER_APPICON_NAME = AppIcon;
				CODE_SIGN_STYLE = Automatic;
				DEVELOPMENT_TEAM = KNXL4958SP;
				INFOPLIST_FILE = popmovies/Info.plist;
				LD_RUNPATH_SEARCH_PATHS = (
					"$(inherited)",
					"@executable_path/Frameworks",
				);
				PRODUCT_BUNDLE_IDENTIFIER = com.tiagohs.popmovies;
				PRODUCT_NAME = "$(TARGET_NAME)";
				SWIFT_VERSION = 4.2;
				TARGETED_DEVICE_FAMILY = "1,2";
			};
			name = Release;
		};
		A27F1DA8225E924100B15976 /* Debug */ = {
			isa = XCBuildConfiguration;
			baseConfigurationReference = 5EB72ED481AC23B1A6D5B59F /* Pods-popmoviesTests.debug.xcconfig */;
			buildSettings = {
				ALWAYS_EMBED_SWIFT_STANDARD_LIBRARIES = YES;
				BUNDLE_LOADER = "$(TEST_HOST)";
				CODE_SIGN_STYLE = Automatic;
				DEVELOPMENT_TEAM = KNXL4958SP;
				INFOPLIST_FILE = popmoviesTests/Info.plist;
				LD_RUNPATH_SEARCH_PATHS = (
					"$(inherited)",
					"@executable_path/Frameworks",
					"@loader_path/Frameworks",
				);
				PRODUCT_BUNDLE_IDENTIFIER = com.tiagohs.popmoviesTests;
				PRODUCT_NAME = "$(TARGET_NAME)";
				SWIFT_VERSION = 4.2;
				TARGETED_DEVICE_FAMILY = "1,2";
				TEST_HOST = "$(BUILT_PRODUCTS_DIR)/popmovies.app/popmovies";
			};
			name = Debug;
		};
		A27F1DA9225E924100B15976 /* Release */ = {
			isa = XCBuildConfiguration;
			baseConfigurationReference = E2BC4F45CD951837539FAF96 /* Pods-popmoviesTests.release.xcconfig */;
			buildSettings = {
				ALWAYS_EMBED_SWIFT_STANDARD_LIBRARIES = YES;
				BUNDLE_LOADER = "$(TEST_HOST)";
				CODE_SIGN_STYLE = Automatic;
				DEVELOPMENT_TEAM = KNXL4958SP;
				INFOPLIST_FILE = popmoviesTests/Info.plist;
				LD_RUNPATH_SEARCH_PATHS = (
					"$(inherited)",
					"@executable_path/Frameworks",
					"@loader_path/Frameworks",
				);
				PRODUCT_BUNDLE_IDENTIFIER = com.tiagohs.popmoviesTests;
				PRODUCT_NAME = "$(TARGET_NAME)";
				SWIFT_VERSION = 4.2;
				TARGETED_DEVICE_FAMILY = "1,2";
				TEST_HOST = "$(BUILT_PRODUCTS_DIR)/popmovies.app/popmovies";
			};
			name = Release;
		};
		A27F1DAB225E924100B15976 /* Debug */ = {
			isa = XCBuildConfiguration;
			baseConfigurationReference = FE6C2513138D8836130F40DA /* Pods-popmoviesUITests.debug.xcconfig */;
			buildSettings = {
				ALWAYS_EMBED_SWIFT_STANDARD_LIBRARIES = YES;
				CODE_SIGN_STYLE = Automatic;
				DEVELOPMENT_TEAM = KNXL4958SP;
				INFOPLIST_FILE = popmoviesUITests/Info.plist;
				LD_RUNPATH_SEARCH_PATHS = (
					"$(inherited)",
					"@executable_path/Frameworks",
					"@loader_path/Frameworks",
				);
				PRODUCT_BUNDLE_IDENTIFIER = com.tiagohs.popmoviesUITests;
				PRODUCT_NAME = "$(TARGET_NAME)";
				SWIFT_VERSION = 4.2;
				TARGETED_DEVICE_FAMILY = "1,2";
				TEST_TARGET_NAME = popmovies;
			};
			name = Debug;
		};
		A27F1DAC225E924100B15976 /* Release */ = {
			isa = XCBuildConfiguration;
			baseConfigurationReference = BF671210EF166C7A48E4C8AD /* Pods-popmoviesUITests.release.xcconfig */;
			buildSettings = {
				ALWAYS_EMBED_SWIFT_STANDARD_LIBRARIES = YES;
				CODE_SIGN_STYLE = Automatic;
				DEVELOPMENT_TEAM = KNXL4958SP;
				INFOPLIST_FILE = popmoviesUITests/Info.plist;
				LD_RUNPATH_SEARCH_PATHS = (
					"$(inherited)",
					"@executable_path/Frameworks",
					"@loader_path/Frameworks",
				);
				PRODUCT_BUNDLE_IDENTIFIER = com.tiagohs.popmoviesUITests;
				PRODUCT_NAME = "$(TARGET_NAME)";
				SWIFT_VERSION = 4.2;
				TARGETED_DEVICE_FAMILY = "1,2";
				TEST_TARGET_NAME = popmovies;
			};
			name = Release;
		};
/* End XCBuildConfiguration section */

/* Begin XCConfigurationList section */
		A27F1D77225E923F00B15976 /* Build configuration list for PBXProject "popmovies" */ = {
			isa = XCConfigurationList;
			buildConfigurations = (
				A27F1DA2225E924100B15976 /* Debug */,
				A27F1DA3225E924100B15976 /* Release */,
			);
			defaultConfigurationIsVisible = 0;
			defaultConfigurationName = Release;
		};
		A27F1DA4225E924100B15976 /* Build configuration list for PBXNativeTarget "popmovies" */ = {
			isa = XCConfigurationList;
			buildConfigurations = (
				A27F1DA5225E924100B15976 /* Debug */,
				A27F1DA6225E924100B15976 /* Release */,
			);
			defaultConfigurationIsVisible = 0;
			defaultConfigurationName = Release;
		};
		A27F1DA7225E924100B15976 /* Build configuration list for PBXNativeTarget "popmoviesTests" */ = {
			isa = XCConfigurationList;
			buildConfigurations = (
				A27F1DA8225E924100B15976 /* Debug */,
				A27F1DA9225E924100B15976 /* Release */,
			);
			defaultConfigurationIsVisible = 0;
			defaultConfigurationName = Release;
		};
		A27F1DAA225E924100B15976 /* Build configuration list for PBXNativeTarget "popmoviesUITests" */ = {
			isa = XCConfigurationList;
			buildConfigurations = (
				A27F1DAB225E924100B15976 /* Debug */,
				A27F1DAC225E924100B15976 /* Release */,
			);
			defaultConfigurationIsVisible = 0;
			defaultConfigurationName = Release;
		};
/* End XCConfigurationList section */
	};
	rootObject = A27F1D74225E923F00B15976 /* Project object */;
}
